{
  "name": "runet-blackbox",
  "version": "0.3.1",
  "lockfileVersion": 3,
  "requires": true,
  "packages": {
    "": {
      "name": "runet-blackbox",
      "version": "0.3.1",
      "license": "MIT",
      "bin": {
        "runet-blackbox": "cli/bin/runet-blackbox.js"
      },
      "engines": {
        "node": ">=22"
      }
    }
  }
}
